
Microsoft Visual Studio Solution File, Format Version 11.00
# Visual Studio 2010
Project("{FAE04EC0-301F-11D3-BF4B-00C04F79EFBC}") = "Assembly-CSharp", "Assembly-CSharp.csproj", "{d100cd12-99e0-0642-734f-e040d6551282}"
EndProject
Project("{FAE04EC0-301F-11D3-BF4B-00C04F79EFBC}") = "Assembly-CSharp-Editor", "Assembly-CSharp-Editor.csproj", "{99162ef2-ae73-69a6-7946-c3a42e87520e}"
EndProject
Global
	GlobalSection(SolutionConfigurationPlatforms) = preSolution
		Debug|Any CPU = Debug|Any CPU
	EndGlobalSection
	GlobalSection(ProjectConfigurationPlatforms) = postSolution
		{d100cd12-99e0-0642-734f-e040d6551282}.Debug|Any CPU.ActiveCfg = Debug|Any CPU
		{d100cd12-99e0-0642-734f-e040d6551282}.Debug|Any CPU.Build.0 = Debug|Any CPU
		{99162ef2-ae73-69a6-7946-c3a42e87520e}.Debug|Any CPU.ActiveCfg = Debug|Any CPU
		{99162ef2-ae73-69a6-7946-c3a42e87520e}.Debug|Any CPU.Build.0 = Debug|Any CPU
	EndGlobalSection
	GlobalSection(SolutionProperties) = preSolution
		HideSolutionNode = FALSE
	EndGlobalSection
EndGlobal
